// !$*UTF8*$!
{
	archiveVersion = 1;
	classes = {
	};
	objectVersion = 55;
	objects = {

/* Begin PBXBuildFile section */
		2130B030294AEBEB001EC43C /* AppDelegate.swift in Sources */ = {isa = PBXBuildFile; fileRef = 2130B02F294AEBEB001EC43C /* AppDelegate.swift */; };
		2130B032294AEBEB001EC43C /* SceneDelegate.swift in Sources */ = {isa = PBXBuildFile; fileRef = 2130B031294AEBEB001EC43C /* SceneDelegate.swift */; };
		2130B034294AEBEB001EC43C /* ViewController.swift in Sources */ = {isa = PBXBuildFile; fileRef = 2130B033294AEBEB001EC43C /* ViewController.swift */; };
		2130B037294AEBEB001EC43C /* Main.storyboard in Resources */ = {isa = PBXBuildFile; fileRef = 2130B035294AEBEB001EC43C /* Main.storyboard */; };
		2130B039294AEBEF001EC43C /* Assets.xcassets in Resources */ = {isa = PBXBuildFile; fileRef = 2130B038294AEBEF001EC43C /* Assets.xcassets */; };
		2130B03C294AEBEF001EC43C /* LaunchScreen.storyboard in Resources */ = {isa = PBXBuildFile; fileRef = 2130B03A294AEBEF001EC43C /* LaunchScreen.storyboard */; };
		2130B044294AF4AB001EC43C /* Overview.storyboard in Resources */ = {isa = PBXBuildFile; fileRef = 2130B043294AF4AB001EC43C /* Overview.storyboard */; };
		2130B047294AF4EC001EC43C /* Transactions.storyboard in Resources */ = {isa = PBXBuildFile; fileRef = 2130B045294AF4EC001EC43C /* Transactions.storyboard */; };
		2130B04A294AF518001EC43C /* Categories.storyboard in Resources */ = {isa = PBXBuildFile; fileRef = 2130B048294AF518001EC43C /* Categories.storyboard */; };
		2130B04F294AF6DB001EC43C /* SettingsPage.storyboard in Resources */ = {isa = PBXBuildFile; fileRef = 2130B04D294AF6DB001EC43C /* SettingsPage.storyboard */; };
		264DA2CF29519D05006BC7CC /* Setup.storyboard in Resources */ = {isa = PBXBuildFile; fileRef = 264DA2CE29519D05006BC7CC /* Setup.storyboard */; };
		36025E6A29533D8E0035C71F /* AddTransactionTVC.swift in Sources */ = {isa = PBXBuildFile; fileRef = 36025E6929533D8E0035C71F /* AddTransactionTVC.swift */; };
		36D485B5294B018700D0D297 /* AddTransaction.storyboard in Resources */ = {isa = PBXBuildFile; fileRef = 36D485B4294B018700D0D297 /* AddTransaction.storyboard */; };
		CD8973F629543C740030075F /* Category.swift in Sources */ = {isa = PBXBuildFile; fileRef = CD8973F529543C740030075F /* Category.swift */; };
		CD8973F829543CBC0030075F /* CategoryTableViewController.swift in Sources */ = {isa = PBXBuildFile; fileRef = CD8973F729543CBC0030075F /* CategoryTableViewController.swift */; };
/* End PBXBuildFile section */

/* Begin PBXFileReference section */
		2130B02C294AEBEB001EC43C /* SpendIt301.app */ = {isa = PBXFileReference; explicitFileType = wrapper.application; includeInIndex = 0; path = SpendIt301.app; sourceTree = BUILT_PRODUCTS_DIR; };
		2130B02F294AEBEB001EC43C /* AppDelegate.swift */ = {isa = PBXFileReference; lastKnownFileType = sourcecode.swift; path = AppDelegate.swift; sourceTree = "<group>"; };
		2130B031294AEBEB001EC43C /* SceneDelegate.swift */ = {isa = PBXFileReference; lastKnownFileType = sourcecode.swift; path = SceneDelegate.swift; sourceTree = "<group>"; };
		2130B033294AEBEB001EC43C /* ViewController.swift */ = {isa = PBXFileReference; lastKnownFileType = sourcecode.swift; path = ViewController.swift; sourceTree = "<group>"; };
		2130B036294AEBEB001EC43C /* Base */ = {isa = PBXFileReference; lastKnownFileType = file.storyboard; name = Base; path = Base.lproj/Main.storyboard; sourceTree = "<group>"; };
		2130B038294AEBEF001EC43C /* Assets.xcassets */ = {isa = PBXFileReference; lastKnownFileType = folder.assetcatalog; path = Assets.xcassets; sourceTree = "<group>"; };
		2130B03B294AEBEF001EC43C /* Base */ = {isa = PBXFileReference; lastKnownFileType = file.storyboard; name = Base; path = Base.lproj/LaunchScreen.storyboard; sourceTree = "<group>"; };
		2130B03D294AEBEF001EC43C /* Info.plist */ = {isa = PBXFileReference; lastKnownFileType = text.plist.xml; path = Info.plist; sourceTree = "<group>"; };
		2130B043294AF4AB001EC43C /* Overview.storyboard */ = {isa = PBXFileReference; fileEncoding = 4; lastKnownFileType = file.storyboard; path = Overview.storyboard; sourceTree = "<group>"; };
		2130B046294AF4EC001EC43C /* Base */ = {isa = PBXFileReference; lastKnownFileType = file.storyboard; name = Base; path = SpendIt301/Base.lproj/Transactions.storyboard; sourceTree = "<group>"; };
		2130B049294AF518001EC43C /* Base */ = {isa = PBXFileReference; lastKnownFileType = file.storyboard; name = Base; path = SpendIt301/Base.lproj/Categories.storyboard; sourceTree = "<group>"; };
		2130B04E294AF6DB001EC43C /* Base */ = {isa = PBXFileReference; lastKnownFileType = file.storyboard; name = Base; path = SpendIt301/Base.lproj/SettingsPage.storyboard; sourceTree = "<group>"; };
		264DA2CE29519D05006BC7CC /* Setup.storyboard */ = {isa = PBXFileReference; lastKnownFileType = file.storyboard; path = Setup.storyboard; sourceTree = "<group>"; };
		36025E6929533D8E0035C71F /* AddTransactionTVC.swift */ = {isa = PBXFileReference; lastKnownFileType = sourcecode.swift; path = AddTransactionTVC.swift; sourceTree = "<group>"; };
		36D485B4294B018700D0D297 /* AddTransaction.storyboard */ = {isa = PBXFileReference; fileEncoding = 4; lastKnownFileType = file.storyboard; path = AddTransaction.storyboard; sourceTree = "<group>"; };
		CD8973F529543C740030075F /* Category.swift */ = {isa = PBXFileReference; lastKnownFileType = sourcecode.swift; path = Category.swift; sourceTree = "<group>"; };
		CD8973F729543CBC0030075F /* CategoryTableViewController.swift */ = {isa = PBXFileReference; lastKnownFileType = sourcecode.swift; path = CategoryTableViewController.swift; sourceTree = "<group>"; };
/* End PBXFileReference section */

/* Begin PBXFrameworksBuildPhase section */
		2130B029294AEBEB001EC43C /* Frameworks */ = {
			isa = PBXFrameworksBuildPhase;
			buildActionMask = 2147483647;
			files = (
			);
			runOnlyForDeploymentPostprocessing = 0;
		};
/* End PBXFrameworksBuildPhase section */

/* Begin PBXGroup section */
		2130B023294AEBEB001EC43C = {
			isa = PBXGroup;
			children = (
				36D485B4294B018700D0D297 /* AddTransaction.storyboard */,
				36025E6929533D8E0035C71F /* AddTransactionTVC.swift */,
				36025E6B29533DCB0035C71F /* Add transaction */,
				2130B04D294AF6DB001EC43C /* SettingsPage.storyboard */,
				2130B048294AF518001EC43C /* Categories.storyboard */,
				2130B045294AF4EC001EC43C /* Transactions.storyboard */,
				264DA2CE29519D05006BC7CC /* Setup.storyboard */,
				2130B043294AF4AB001EC43C /* Overview.storyboard */,
				2130B02E294AEBEB001EC43C /* SpendIt301 */,
				2130B02D294AEBEB001EC43C /* Products */,
			);
			sourceTree = "<group>";
		};
		2130B02D294AEBEB001EC43C /* Products */ = {
			isa = PBXGroup;
			children = (
				2130B02C294AEBEB001EC43C /* SpendIt301.app */,
			);
			name = Products;
			sourceTree = "<group>";
		};
		2130B02E294AEBEB001EC43C /* SpendIt301 */ = {
			isa = PBXGroup;
			children = (
				2130B02F294AEBEB001EC43C /* AppDelegate.swift */,
				2130B031294AEBEB001EC43C /* SceneDelegate.swift */,
				2130B033294AEBEB001EC43C /* ViewController.swift */,
				2130B035294AEBEB001EC43C /* Main.storyboard */,
				2130B038294AEBEF001EC43C /* Assets.xcassets */,
				2130B03A294AEBEF001EC43C /* LaunchScreen.storyboard */,
				2130B03D294AEBEF001EC43C /* Info.plist */,
				CD8973F529543C740030075F /* Category.swift */,
				CD8973F729543CBC0030075F /* CategoryTableViewController.swift */,
			);
			path = SpendIt301;
			sourceTree = "<group>";
		};
		36025E6B29533DCB0035C71F /* Add transaction */ = {
			isa = PBXGroup;
			children = (
			);
			path = "Add transaction";
			sourceTree = "<group>";
		};
/* End PBXGroup section */

/* Begin PBXNativeTarget section */
		2130B02B294AEBEB001EC43C /* SpendIt301 */ = {
			isa = PBXNativeTarget;
			buildConfigurationList = 2130B040294AEBEF001EC43C /* Build configuration list for PBXNativeTarget "SpendIt301" */;
			buildPhases = (
				2130B028294AEBEB001EC43C /* Sources */,
				2130B029294AEBEB001EC43C /* Frameworks */,
				2130B02A294AEBEB001EC43C /* Resources */,
			);
			buildRules = (
			);
			dependencies = (
			);
			name = SpendIt301;
			productName = SpendIt301;
			productReference = 2130B02C294AEBEB001EC43C /* SpendIt301.app */;
			productType = "com.apple.product-type.application";
		};
/* End PBXNativeTarget section */

/* Begin PBXProject section */
		2130B024294AEBEB001EC43C /* Project object */ = {
			isa = PBXProject;
			attributes = {
				BuildIndependentTargetsInParallel = 1;
				LastSwiftUpdateCheck = 1340;
				LastUpgradeCheck = 1340;
				TargetAttributes = {
					2130B02B294AEBEB001EC43C = {
						CreatedOnToolsVersion = 13.4.1;
					};
				};
			};
			buildConfigurationList = 2130B027294AEBEB001EC43C /* Build configuration list for PBXProject "SpendIt301" */;
			compatibilityVersion = "Xcode 13.0";
			developmentRegion = en;
			hasScannedForEncodings = 0;
			knownRegions = (
				en,
				Base,
			);
			mainGroup = 2130B023294AEBEB001EC43C;
			productRefGroup = 2130B02D294AEBEB001EC43C /* Products */;
			projectDirPath = "";
			projectRoot = "";
			targets = (
				2130B02B294AEBEB001EC43C /* SpendIt301 */,
			);
		};
/* End PBXProject section */

/* Begin PBXResourcesBuildPhase section */
		2130B02A294AEBEB001EC43C /* Resources */ = {
			isa = PBXResourcesBuildPhase;
			buildActionMask = 2147483647;
			files = (
				2130B03C294AEBEF001EC43C /* LaunchScreen.storyboard in Resources */,
				2130B04F294AF6DB001EC43C /* SettingsPage.storyboard in Resources */,
				2130B044294AF4AB001EC43C /* Overview.storyboard in Resources */,
				264DA2CF29519D05006BC7CC /* Setup.storyboard in Resources */,
				2130B039294AEBEF001EC43C /* Assets.xcassets in Resources */,
				2130B037294AEBEB001EC43C /* Main.storyboard in Resources */,
				2130B04A294AF518001EC43C /* Categories.storyboard in Resources */,
				2130B047294AF4EC001EC43C /* Transactions.storyboard in Resources */,
				36D485B5294B018700D0D297 /* AddTransaction.storyboard in Resources */,
			);
			runOnlyForDeploymentPostprocessing = 0;
		};
/* End PBXResourcesBuildPhase section */

/* Begin PBXSourcesBuildPhase section */
		2130B028294AEBEB001EC43C /* Sources */ = {
			isa = PBXSourcesBuildPhase;
			buildActionMask = 2147483647;
			files = (
				2130B034294AEBEB001EC43C /* ViewController.swift in Sources */,
				2130B030294AEBEB001EC43C /* AppDelegate.swift in Sources */,
				36025E6A29533D8E0035C71F /* AddTransactionTVC.swift in Sources */,
				CD8973F829543CBC0030075F /* CategoryTableViewController.swift in Sources */,
				2130B032294AEBEB001EC43C /* SceneDelegate.swift in Sources */,
				CD8973F629543C740030075F /* Category.swift in Sources */,
			);
			runOnlyForDeploymentPostprocessing = 0;
		};
/* End PBXSourcesBuildPhase section */

/* Begin PBXVariantGroup section */
		2130B035294AEBEB001EC43C /* Main.storyboard */ = {
			isa = PBXVariantGroup;
			children = (
				2130B036294AEBEB001EC43C /* Base */,
			);
			name = Main.storyboard;
			sourceTree = "<group>";
		};
		2130B03A294AEBEF001EC43C /* LaunchScreen.storyboard */ = {
			isa = PBXVariantGroup;
			children = (
				2130B03B294AEBEF001EC43C /* Base */,
			);
			name = LaunchScreen.storyboard;
			sourceTree = "<group>";
		};
		2130B045294AF4EC001EC43C /* Transactions.storyboard */ = {
			isa = PBXVariantGroup;
			children = (
				2130B046294AF4EC001EC43C /* Base */,
			);
			name = Transactions.storyboard;
			sourceTree = "<group>";
		};
		2130B048294AF518001EC43C /* Categories.storyboard */ = {
			isa = PBXVariantGroup;
			children = (
				2130B049294AF518001EC43C /* Base */,
			);
			name = Categories.storyboard;
			sourceTree = "<group>";
		};
		2130B04D294AF6DB001EC43C /* SettingsPage.storyboard */ = {
			isa = PBXVariantGroup;
			children = (
				2130B04E294AF6DB001EC43C /* Base */,
			);
			name = SettingsPage.storyboard;
			sourceTree = "<group>";
		};
/* End PBXVariantGroup section */

/* Begin XCBuildConfiguration section */
		2130B03E294AEBEF001EC43C /* Debug */ = {
			isa = XCBuildConfiguration;
			buildSettings = {
				ALWAYS_SEARCH_USER_PATHS = NO;
				CLANG_ANALYZER_NONNULL = YES;
				CLANG_ANALYZER_NUMBER_OBJECT_CONVERSION = YES_AGGRESSIVE;
				CLANG_CXX_LANGUAGE_STANDARD = "gnu++17";
				CLANG_ENABLE_MODULES = YES;
				CLANG_ENABLE_OBJC_ARC = YES;
				CLANG_ENABLE_OBJC_WEAK = YES;
				CLANG_WARN_BLOCK_CAPTURE_AUTORELEASING = YES;
				CLANG_WARN_BOOL_CONVERSION = YES;
				CLANG_WARN_COMMA = YES;
				CLANG_WARN_CONSTANT_CONVERSION = YES;
				CLANG_WARN_DEPRECATED_OBJC_IMPLEMENTATIONS = YES;
				CLANG_WARN_DIRECT_OBJC_ISA_USAGE = YES_ERROR;
				CLANG_WARN_DOCUMENTATION_COMMENTS = YES;
				CLANG_WARN_EMPTY_BODY = YES;
				CLANG_WARN_ENUM_CONVERSION = YES;
				CLANG_WARN_INFINITE_RECURSION = YES;
				CLANG_WARN_INT_CONVERSION = YES;
				CLANG_WARN_NON_LITERAL_NULL_CONVERSION = YES;
				CLANG_WARN_OBJC_IMPLICIT_RETAIN_SELF = YES;
				CLANG_WARN_OBJC_LITERAL_CONVERSION = YES;
				CLANG_WARN_OBJC_ROOT_CLASS = YES_ERROR;
				CLANG_WARN_QUOTED_INCLUDE_IN_FRAMEWORK_HEADER = YES;
				CLANG_WARN_RANGE_LOOP_ANALYSIS = YES;
				CLANG_WARN_STRICT_PROTOTYPES = YES;
				CLANG_WARN_SUSPICIOUS_MOVE = YES;
				CLANG_WARN_UNGUARDED_AVAILABILITY = YES_AGGRESSIVE;
				CLANG_WARN_UNREACHABLE_CODE = YES;
				CLANG_WARN__DUPLICATE_METHOD_MATCH = YES;
				COPY_PHASE_STRIP = NO;
				DEBUG_INFORMATION_FORMAT = dwarf;
				ENABLE_STRICT_OBJC_MSGSEND = YES;
				ENABLE_TESTABILITY = YES;
				GCC_C_LANGUAGE_STANDARD = gnu11;
				GCC_DYNAMIC_NO_PIC = NO;
				GCC_NO_COMMON_BLOCKS = YES;
				GCC_OPTIMIZATION_LEVEL = 0;
				GCC_PREPROCESSOR_DEFINITIONS = (
					"DEBUG=1",
					"$(inherited)",
				);
				GCC_WARN_64_TO_32_BIT_CONVERSION = YES;
				GCC_WARN_ABOUT_RETURN_TYPE = YES_ERROR;
				GCC_WARN_UNDECLARED_SELECTOR = YES;
				GCC_WARN_UNINITIALIZED_AUTOS = YES_AGGRESSIVE;
				GCC_WARN_UNUSED_FUNCTION = YES;
				GCC_WARN_UNUSED_VARIABLE = YES;
				IPHONEOS_DEPLOYMENT_TARGET = 15.5;
				MTL_ENABLE_DEBUG_INFO = INCLUDE_SOURCE;
				MTL_FAST_MATH = YES;
				ONLY_ACTIVE_ARCH = YES;
				SDKROOT = iphoneos;
				SWIFT_ACTIVE_COMPILATION_CONDITIONS = DEBUG;
				SWIFT_OPTIMIZATION_LEVEL = "-Onone";
			};
			name = Debug;
		};
		2130B03F294AEBEF001EC43C /* Release */ = {
			isa = XCBuildConfiguration;
			buildSettings = {
				ALWAYS_SEARCH_USER_PATHS = NO;
				CLANG_ANALYZER_NONNULL = YES;
				CLANG_ANALYZER_NUMBER_OBJECT_CONVERSION = YES_AGGRESSIVE;
				CLANG_CXX_LANGUAGE_STANDARD = "gnu++17";
				CLANG_ENABLE_MODULES = YES;
				CLANG_ENABLE_OBJC_ARC = YES;
				CLANG_ENABLE_OBJC_WEAK = YES;
				CLANG_WARN_BLOCK_CAPTURE_AUTORELEASING = YES;
				CLANG_WARN_BOOL_CONVERSION = YES;
				CLANG_WARN_COMMA = YES;
				CLANG_WARN_CONSTANT_CONVERSION = YES;
				CLANG_WARN_DEPRECATED_OBJC_IMPLEMENTATIONS = YES;
				CLANG_WARN_DIRECT_OBJC_ISA_USAGE = YES_ERROR;
				CLANG_WARN_DOCUMENTATION_COMMENTS = YES;
				CLANG_WARN_EMPTY_BODY = YES;
				CLANG_WARN_ENUM_CONVERSION = YES;
				CLANG_WARN_INFINITE_RECURSION = YES;
				CLANG_WARN_INT_CONVERSION = YES;
				CLANG_WARN_NON_LITERAL_NULL_CONVERSION = YES;
				CLANG_WARN_OBJC_IMPLICIT_RETAIN_SELF = YES;
				CLANG_WARN_OBJC_LITERAL_CONVERSION = YES;
				CLANG_WARN_OBJC_ROOT_CLASS = YES_ERROR;
				CLANG_WARN_QUOTED_INCLUDE_IN_FRAMEWORK_HEADER = YES;
				CLANG_WARN_RANGE_LOOP_ANALYSIS = YES;
				CLANG_WARN_STRICT_PROTOTYPES = YES;
				CLANG_WARN_SUSPICIOUS_MOVE = YES;
				CLANG_WARN_UNGUARDED_AVAILABILITY = YES_AGGRESSIVE;
				CLANG_WARN_UNREACHABLE_CODE = YES;
				CLANG_WARN__DUPLICATE_METHOD_MATCH = YES;
				COPY_PHASE_STRIP = NO;
				DEBUG_INFORMATION_FORMAT = "dwarf-with-dsym";
				ENABLE_NS_ASSERTIONS = NO;
				ENABLE_STRICT_OBJC_MSGSEND = YES;
				GCC_C_LANGUAGE_STANDARD = gnu11;
				GCC_NO_COMMON_BLOCKS = YES;
				GCC_WARN_64_TO_32_BIT_CONVERSION = YES;
				GCC_WARN_ABOUT_RETURN_TYPE = YES_ERROR;
				GCC_WARN_UNDECLARED_SELECTOR = YES;
				GCC_WARN_UNINITIALIZED_AUTOS = YES_AGGRESSIVE;
				GCC_WARN_UNUSED_FUNCTION = YES;
				GCC_WARN_UNUSED_VARIABLE = YES;
				IPHONEOS_DEPLOYMENT_TARGET = 15.5;
				MTL_ENABLE_DEBUG_INFO = NO;
				MTL_FAST_MATH = YES;
				SDKROOT = iphoneos;
				SWIFT_COMPILATION_MODE = wholemodule;
				SWIFT_OPTIMIZATION_LEVEL = "-O";
				VALIDATE_PRODUCT = YES;
			};
			name = Release;
		};
		2130B041294AEBEF001EC43C /* Debug */ = {
			isa = XCBuildConfiguration;
			buildSettings = {
				ASSETCATALOG_COMPILER_APPICON_NAME = AppIcon;
				ASSETCATALOG_COMPILER_GLOBAL_ACCENT_COLOR_NAME = AccentColor;
				CODE_SIGN_STYLE = Automatic;
				CURRENT_PROJECT_VERSION = 1;
				DEVELOPMENT_TEAM = HG84WPP7B7;
				GENERATE_INFOPLIST_FILE = YES;
				INFOPLIST_FILE = SpendIt301/Info.plist;
				INFOPLIST_KEY_UIApplicationSupportsIndirectInputEvents = YES;
				INFOPLIST_KEY_UILaunchStoryboardName = LaunchScreen.storyboard;
				INFOPLIST_KEY_UIMainStoryboardFile = Main;
				INFOPLIST_KEY_UISupportedInterfaceOrientations_iPad = "UIInterfaceOrientationPortrait UIInterfaceOrientationPortraitUpsideDown UIInterfaceOrientationLandscapeLeft UIInterfaceOrientationLandscapeRight";
				INFOPLIST_KEY_UISupportedInterfaceOrientations_iPhone = "UIInterfaceOrientationPortrait UIInterfaceOrientationLandscapeLeft UIInterfaceOrientationLandscapeRight";
				IPHONEOS_DEPLOYMENT_TARGET = 14.0;
				LD_RUNPATH_SEARCH_PATHS = (
					"$(inherited)",
					"@executable_path/Frameworks",
				);
				MARKETING_VERSION = 1.0;
				PRODUCT_BUNDLE_IDENTIFIER = bh.polytechnic.SpendIt301;
				PRODUCT_NAME = "$(TARGET_NAME)";
				SWIFT_EMIT_LOC_STRINGS = YES;
				SWIFT_VERSION = 5.0;
				TARGETED_DEVICE_FAMILY = "1,2";
			};
			name = Debug;
		};
		2130B042294AEBEF001EC43C /* Release */ = {
			isa = XCBuildConfiguration;
			buildSettings = {
				ASSETCATALOG_COMPILER_APPICON_NAME = AppIcon;
				ASSETCATALOG_COMPILER_GLOBAL_ACCENT_COLOR_NAME = AccentColor;
				CODE_SIGN_STYLE = Automatic;
				CURRENT_PROJECT_VERSION = 1;
				DEVELOPMENT_TEAM = HG84WPP7B7;
				GENERATE_INFOPLIST_FILE = YES;
				INFOPLIST_FILE = SpendIt301/Info.plist;
				INFOPLIST_KEY_UIApplicationSupportsIndirectInputEvents = YES;
				INFOPLIST_KEY_UILaunchStoryboardName = LaunchScreen.storyboard;
				INFOPLIST_KEY_UIMainStoryboardFile = Main;
				INFOPLIST_KEY_UISupportedInterfaceOrientations_iPad = "UIInterfaceOrientationPortrait UIInterfaceOrientationPortraitUpsideDown UIInterfaceOrientationLandscapeLeft UIInterfaceOrientationLandscapeRight";
				INFOPLIST_KEY_UISupportedInterfaceOrientations_iPhone = "UIInterfaceOrientationPortrait UIInterfaceOrientationLandscapeLeft UIInterfaceOrientationLandscapeRight";
				IPHONEOS_DEPLOYMENT_TARGET = 14.0;
				LD_RUNPATH_SEARCH_PATHS = (
					"$(inherited)",
					"@executable_path/Frameworks",
				);
				MARKETING_VERSION = 1.0;
				PRODUCT_BUNDLE_IDENTIFIER = bh.polytechnic.SpendIt301;
				PRODUCT_NAME = "$(TARGET_NAME)";
				SWIFT_EMIT_LOC_STRINGS = YES;
				SWIFT_VERSION = 5.0;
				TARGETED_DEVICE_FAMILY = "1,2";
			};
			name = Release;
		};
/* End XCBuildConfiguration section */

/* Begin XCConfigurationList section */
		2130B027294AEBEB001EC43C /* Build configuration list for PBXProject "SpendIt301" */ = {
			isa = XCConfigurationList;
			buildConfigurations = (
				2130B03E294AEBEF001EC43C /* Debug */,
				2130B03F294AEBEF001EC43C /* Release */,
			);
			defaultConfigurationIsVisible = 0;
			defaultConfigurationName = Release;
		};
		2130B040294AEBEF001EC43C /* Build configuration list for PBXNativeTarget "SpendIt301" */ = {
			isa = XCConfigurationList;
			buildConfigurations = (
				2130B041294AEBEF001EC43C /* Debug */,
				2130B042294AEBEF001EC43C /* Release */,
			);
			defaultConfigurationIsVisible = 0;
			defaultConfigurationName = Release;
		};
/* End XCConfigurationList section */
	};
	rootObject = 2130B024294AEBEB001EC43C /* Project object */;
}
