// !$*UTF8*$!
{
	archiveVersion = 1;
	classes = {
	};
	objectVersion = 55;
	objects = {

/* Begin PBXBuildFile section */
		0B35909D29621B0A003C979F /* SortPriceTableViewCell.swift in Sources */ = {isa = PBXBuildFile; fileRef = 0B35909C29621B0A003C979F /* SortPriceTableViewCell.swift */; };
		0BA4536B295CF2F900320A57 /* CatogeryForTransactionTableViewCell.swift in Sources */ = {isa = PBXBuildFile; fileRef = 0BA4536A295CF2F900320A57 /* CatogeryForTransactionTableViewCell.swift */; };
		0BA4536D295CF32700320A57 /* CatogeryForTransactionCollectionViewCell.swift in Sources */ = {isa = PBXBuildFile; fileRef = 0BA4536C295CF32700320A57 /* CatogeryForTransactionCollectionViewCell.swift */; };
		0BEE122B2955C594007E1DAD /* TrasactionFilterTableViewController.swift in Sources */ = {isa = PBXBuildFile; fileRef = 0BEE122A2955C594007E1DAD /* TrasactionFilterTableViewController.swift */; };
		0BF0975629536A2C000CC354 /* TransactionTableViewController.swift in Sources */ = {isa = PBXBuildFile; fileRef = 0BF0975529536A2C000CC354 /* TransactionTableViewController.swift */; };
		0BF0975829536A56000CC354 /* Transaction.swift in Sources */ = {isa = PBXBuildFile; fileRef = 0BF0975729536A56000CC354 /* Transaction.swift */; };
		0BF0975A29543E56000CC354 /* TransactionTableViewCell.swift in Sources */ = {isa = PBXBuildFile; fileRef = 0BF0975929543E56000CC354 /* TransactionTableViewCell.swift */; };
		0BF27851295F0DCA007A6FFF /* FilterCatTableViewCell.swift in Sources */ = {isa = PBXBuildFile; fileRef = 0BF27850295F0DCA007A6FFF /* FilterCatTableViewCell.swift */; };
		0BF27853295F96FE007A6FFF /* CollectionViewCell.swift in Sources */ = {isa = PBXBuildFile; fileRef = 0BF27852295F96FE007A6FFF /* CollectionViewCell.swift */; };
		2112D363295C35F80033A07C /* SettingsTableViewController.swift in Sources */ = {isa = PBXBuildFile; fileRef = 2112D362295C35F80033A07C /* SettingsTableViewController.swift */; };
		21236C5D295C0A160040B7AE /* BarChartTableViewCell.swift in Sources */ = {isa = PBXBuildFile; fileRef = 21236C5C295C0A160040B7AE /* BarChartTableViewCell.swift */; };
		21236C5F295C0AC80040B7AE /* MostSpentTableViewCell.swift in Sources */ = {isa = PBXBuildFile; fileRef = 21236C5E295C0AC80040B7AE /* MostSpentTableViewCell.swift */; };
		21236C61295C0AF00040B7AE /* MostTrackedTableViewCell.swift in Sources */ = {isa = PBXBuildFile; fileRef = 21236C60295C0AF00040B7AE /* MostTrackedTableViewCell.swift */; };
		21236C63295C0DDD0040B7AE /* MostSpentCollectionViewCell.swift in Sources */ = {isa = PBXBuildFile; fileRef = 21236C62295C0DDD0040B7AE /* MostSpentCollectionViewCell.swift */; };
		21236C65295C14730040B7AE /* MostTrackedCollectionViewCell.swift in Sources */ = {isa = PBXBuildFile; fileRef = 21236C64295C14730040B7AE /* MostTrackedCollectionViewCell.swift */; };
		2130B030294AEBEB001EC43C /* AppDelegate.swift in Sources */ = {isa = PBXBuildFile; fileRef = 2130B02F294AEBEB001EC43C /* AppDelegate.swift */; };
		2130B032294AEBEB001EC43C /* SceneDelegate.swift in Sources */ = {isa = PBXBuildFile; fileRef = 2130B031294AEBEB001EC43C /* SceneDelegate.swift */; };
		2130B034294AEBEB001EC43C /* ViewController.swift in Sources */ = {isa = PBXBuildFile; fileRef = 2130B033294AEBEB001EC43C /* ViewController.swift */; };
		2130B037294AEBEB001EC43C /* Main.storyboard in Resources */ = {isa = PBXBuildFile; fileRef = 2130B035294AEBEB001EC43C /* Main.storyboard */; };
		2130B039294AEBEF001EC43C /* Assets.xcassets in Resources */ = {isa = PBXBuildFile; fileRef = 2130B038294AEBEF001EC43C /* Assets.xcassets */; };
		2130B03C294AEBEF001EC43C /* LaunchScreen.storyboard in Resources */ = {isa = PBXBuildFile; fileRef = 2130B03A294AEBEF001EC43C /* LaunchScreen.storyboard */; };
		2130B044294AF4AB001EC43C /* Overview.storyboard in Resources */ = {isa = PBXBuildFile; fileRef = 2130B043294AF4AB001EC43C /* Overview.storyboard */; };
		2130B047294AF4EC001EC43C /* Transactions.storyboard in Resources */ = {isa = PBXBuildFile; fileRef = 2130B045294AF4EC001EC43C /* Transactions.storyboard */; };
		2130B04A294AF518001EC43C /* Categories.storyboard in Resources */ = {isa = PBXBuildFile; fileRef = 2130B048294AF518001EC43C /* Categories.storyboard */; };
		2130B04F294AF6DB001EC43C /* SettingsPage.storyboard in Resources */ = {isa = PBXBuildFile; fileRef = 2130B04D294AF6DB001EC43C /* SettingsPage.storyboard */; };
		216874542958E1900031BC7B /* OverviewTableViewController.swift in Sources */ = {isa = PBXBuildFile; fileRef = 216874532958E1900031BC7B /* OverviewTableViewController.swift */; };
		21BEDF55295AF21B00DBB59C /* TabBarViewController.swift in Sources */ = {isa = PBXBuildFile; fileRef = 21BEDF54295AF21B00DBB59C /* TabBarViewController.swift */; };
		2601B05629636E820045F9BC /* userSetupPVC.swift in Sources */ = {isa = PBXBuildFile; fileRef = 2601B05529636E810045F9BC /* userSetupPVC.swift */; };
		265A214E296B55660084EB27 /* UserWalkthroughViewController.swift in Sources */ = {isa = PBXBuildFile; fileRef = 265A214D296B55660084EB27 /* UserWalkthroughViewController.swift */; };
		268F58EC296330B0007F77B5 /* UserSetup.storyboard in Resources */ = {isa = PBXBuildFile; fileRef = 268F58EB296330B0007F77B5 /* UserSetup.storyboard */; };
		26D9860E296C469E00C27AF1 /* UserWalkthrough.storyboard in Resources */ = {isa = PBXBuildFile; fileRef = 26D9860D296C469E00C27AF1 /* UserWalkthrough.storyboard */; };
		26D98610296C473400C27AF1 /* UserWalkthroughPVC.swift in Sources */ = {isa = PBXBuildFile; fileRef = 26D9860F296C473300C27AF1 /* UserWalkthroughPVC.swift */; };
		36025E6A29533D8E0035C71F /* AddTransactionTVC.swift in Sources */ = {isa = PBXBuildFile; fileRef = 36025E6929533D8E0035C71F /* AddTransactionTVC.swift */; };
		3648E7CB295BD9B7005251A3 /* ChooseCategoryTVC.swift in Sources */ = {isa = PBXBuildFile; fileRef = 3648E7CA295BD9B7005251A3 /* ChooseCategoryTVC.swift */; };
		369E17DC295CE24A00400D6D /* CategoryTVCell.swift in Sources */ = {isa = PBXBuildFile; fileRef = 369E17DB295CE24A00400D6D /* CategoryTVCell.swift */; };
		369E17E0295CF6BC00400D6D /* TransactionDetails.storyboard in Resources */ = {isa = PBXBuildFile; fileRef = 369E17DE295CF6BC00400D6D /* TransactionDetails.storyboard */; };
		369E17E2295CF97700400D6D /* TransactionDetailsTVC.swift in Sources */ = {isa = PBXBuildFile; fileRef = 369E17E1295CF97600400D6D /* TransactionDetailsTVC.swift */; };
		36D485B5294B018700D0D297 /* AddTransaction.storyboard in Resources */ = {isa = PBXBuildFile; fileRef = 36D485B4294B018700D0D297 /* AddTransaction.storyboard */; };
		9BBD0A5AD149F4ACB9A8AA74 /* Pods_SpendIt301.framework in Frameworks */ = {isa = PBXBuildFile; fileRef = 5F8E2E6063AFC481B910A38B /* Pods_SpendIt301.framework */; };
		CD06402E295C386F0084A17B /* AddEditCategoryTableViewController.swift in Sources */ = {isa = PBXBuildFile; fileRef = CD06402D295C386F0084A17B /* AddEditCategoryTableViewController.swift */; };
		CD8973F629543C740030075F /* Category.swift in Sources */ = {isa = PBXBuildFile; fileRef = CD8973F529543C740030075F /* Category.swift */; };
		CD8973F829543CBC0030075F /* CategoryTableViewController.swift in Sources */ = {isa = PBXBuildFile; fileRef = CD8973F729543CBC0030075F /* CategoryTableViewController.swift */; };
		CDE4A5FD2964C68400D7D7CE /* CodableImage.swift in Sources */ = {isa = PBXBuildFile; fileRef = CDE4A5FC2964C68400D7D7CE /* CodableImage.swift */; };
		CDE4A605296886AB00D7D7CE /* CHCSVParser.m in Sources */ = {isa = PBXBuildFile; fileRef = CDE4A604296886AB00D7D7CE /* CHCSVParser.m */; };
/* End PBXBuildFile section */

/* Begin PBXFileReference section */
		0B35909C29621B0A003C979F /* SortPriceTableViewCell.swift */ = {isa = PBXFileReference; lastKnownFileType = sourcecode.swift; path = SortPriceTableViewCell.swift; sourceTree = "<group>"; };
		0BA4536A295CF2F900320A57 /* CatogeryForTransactionTableViewCell.swift */ = {isa = PBXFileReference; lastKnownFileType = sourcecode.swift; path = CatogeryForTransactionTableViewCell.swift; sourceTree = "<group>"; };
		0BA4536C295CF32700320A57 /* CatogeryForTransactionCollectionViewCell.swift */ = {isa = PBXFileReference; lastKnownFileType = sourcecode.swift; path = CatogeryForTransactionCollectionViewCell.swift; sourceTree = "<group>"; };
		0BEE122A2955C594007E1DAD /* TrasactionFilterTableViewController.swift */ = {isa = PBXFileReference; lastKnownFileType = sourcecode.swift; path = TrasactionFilterTableViewController.swift; sourceTree = "<group>"; };
		0BF0975529536A2C000CC354 /* TransactionTableViewController.swift */ = {isa = PBXFileReference; lastKnownFileType = sourcecode.swift; path = TransactionTableViewController.swift; sourceTree = "<group>"; };
		0BF0975729536A56000CC354 /* Transaction.swift */ = {isa = PBXFileReference; lastKnownFileType = sourcecode.swift; path = Transaction.swift; sourceTree = "<group>"; };
		0BF0975929543E56000CC354 /* TransactionTableViewCell.swift */ = {isa = PBXFileReference; lastKnownFileType = sourcecode.swift; path = TransactionTableViewCell.swift; sourceTree = "<group>"; };
		0BF27850295F0DCA007A6FFF /* FilterCatTableViewCell.swift */ = {isa = PBXFileReference; lastKnownFileType = sourcecode.swift; path = FilterCatTableViewCell.swift; sourceTree = "<group>"; };
		0BF27852295F96FE007A6FFF /* CollectionViewCell.swift */ = {isa = PBXFileReference; lastKnownFileType = sourcecode.swift; path = CollectionViewCell.swift; sourceTree = "<group>"; };
		2112D362295C35F80033A07C /* SettingsTableViewController.swift */ = {isa = PBXFileReference; lastKnownFileType = sourcecode.swift; path = SettingsTableViewController.swift; sourceTree = "<group>"; };
		21236C5C295C0A160040B7AE /* BarChartTableViewCell.swift */ = {isa = PBXFileReference; lastKnownFileType = sourcecode.swift; path = BarChartTableViewCell.swift; sourceTree = "<group>"; };
		21236C5E295C0AC80040B7AE /* MostSpentTableViewCell.swift */ = {isa = PBXFileReference; lastKnownFileType = sourcecode.swift; path = MostSpentTableViewCell.swift; sourceTree = "<group>"; };
		21236C60295C0AF00040B7AE /* MostTrackedTableViewCell.swift */ = {isa = PBXFileReference; lastKnownFileType = sourcecode.swift; path = MostTrackedTableViewCell.swift; sourceTree = "<group>"; };
		21236C62295C0DDD0040B7AE /* MostSpentCollectionViewCell.swift */ = {isa = PBXFileReference; lastKnownFileType = sourcecode.swift; path = MostSpentCollectionViewCell.swift; sourceTree = "<group>"; };
		21236C64295C14730040B7AE /* MostTrackedCollectionViewCell.swift */ = {isa = PBXFileReference; lastKnownFileType = sourcecode.swift; path = MostTrackedCollectionViewCell.swift; sourceTree = "<group>"; };
		2130B02C294AEBEB001EC43C /* SpendIt301.app */ = {isa = PBXFileReference; explicitFileType = wrapper.application; includeInIndex = 0; path = SpendIt301.app; sourceTree = BUILT_PRODUCTS_DIR; };
		2130B02F294AEBEB001EC43C /* AppDelegate.swift */ = {isa = PBXFileReference; lastKnownFileType = sourcecode.swift; path = AppDelegate.swift; sourceTree = "<group>"; };
		2130B031294AEBEB001EC43C /* SceneDelegate.swift */ = {isa = PBXFileReference; lastKnownFileType = sourcecode.swift; path = SceneDelegate.swift; sourceTree = "<group>"; };
		2130B033294AEBEB001EC43C /* ViewController.swift */ = {isa = PBXFileReference; lastKnownFileType = sourcecode.swift; path = ViewController.swift; sourceTree = "<group>"; };
		2130B036294AEBEB001EC43C /* Base */ = {isa = PBXFileReference; lastKnownFileType = file.storyboard; name = Base; path = Base.lproj/Main.storyboard; sourceTree = "<group>"; };
		2130B038294AEBEF001EC43C /* Assets.xcassets */ = {isa = PBXFileReference; lastKnownFileType = folder.assetcatalog; path = Assets.xcassets; sourceTree = "<group>"; };
		2130B03B294AEBEF001EC43C /* Base */ = {isa = PBXFileReference; lastKnownFileType = file.storyboard; name = Base; path = Base.lproj/LaunchScreen.storyboard; sourceTree = "<group>"; };
		2130B03D294AEBEF001EC43C /* Info.plist */ = {isa = PBXFileReference; lastKnownFileType = text.plist.xml; path = Info.plist; sourceTree = "<group>"; };
		2130B043294AF4AB001EC43C /* Overview.storyboard */ = {isa = PBXFileReference; fileEncoding = 4; lastKnownFileType = file.storyboard; path = Overview.storyboard; sourceTree = "<group>"; };
		2130B046294AF4EC001EC43C /* Base */ = {isa = PBXFileReference; lastKnownFileType = file.storyboard; name = Base; path = SpendIt301/Base.lproj/Transactions.storyboard; sourceTree = "<group>"; };
		2130B049294AF518001EC43C /* Base */ = {isa = PBXFileReference; lastKnownFileType = file.storyboard; name = Base; path = SpendIt301/Base.lproj/Categories.storyboard; sourceTree = "<group>"; };
		2130B04E294AF6DB001EC43C /* Base */ = {isa = PBXFileReference; lastKnownFileType = file.storyboard; name = Base; path = SpendIt301/Base.lproj/SettingsPage.storyboard; sourceTree = "<group>"; };
		216874532958E1900031BC7B /* OverviewTableViewController.swift */ = {isa = PBXFileReference; lastKnownFileType = sourcecode.swift; path = OverviewTableViewController.swift; sourceTree = "<group>"; };
		21BEDF54295AF21B00DBB59C /* TabBarViewController.swift */ = {isa = PBXFileReference; lastKnownFileType = sourcecode.swift; path = TabBarViewController.swift; sourceTree = "<group>"; };
		2601B05529636E810045F9BC /* userSetupPVC.swift */ = {isa = PBXFileReference; lastKnownFileType = sourcecode.swift; path = userSetupPVC.swift; sourceTree = "<group>"; };
		265A214D296B55660084EB27 /* UserWalkthroughViewController.swift */ = {isa = PBXFileReference; lastKnownFileType = sourcecode.swift; path = UserWalkthroughViewController.swift; sourceTree = "<group>"; };
		268F58EB296330B0007F77B5 /* UserSetup.storyboard */ = {isa = PBXFileReference; lastKnownFileType = file.storyboard; path = UserSetup.storyboard; sourceTree = "<group>"; };
		26D9860D296C469E00C27AF1 /* UserWalkthrough.storyboard */ = {isa = PBXFileReference; lastKnownFileType = file.storyboard; path = UserWalkthrough.storyboard; sourceTree = "<group>"; };
		26D9860F296C473300C27AF1 /* UserWalkthroughPVC.swift */ = {isa = PBXFileReference; lastKnownFileType = sourcecode.swift; path = UserWalkthroughPVC.swift; sourceTree = "<group>"; };
		357C3171B533C475835C844D /* Pods-SpendIt301.debug.xcconfig */ = {isa = PBXFileReference; includeInIndex = 1; lastKnownFileType = text.xcconfig; name = "Pods-SpendIt301.debug.xcconfig"; path = "Target Support Files/Pods-SpendIt301/Pods-SpendIt301.debug.xcconfig"; sourceTree = "<group>"; };
		36025E6929533D8E0035C71F /* AddTransactionTVC.swift */ = {isa = PBXFileReference; lastKnownFileType = sourcecode.swift; path = AddTransactionTVC.swift; sourceTree = "<group>"; };
		3648E7CA295BD9B7005251A3 /* ChooseCategoryTVC.swift */ = {isa = PBXFileReference; lastKnownFileType = sourcecode.swift; path = ChooseCategoryTVC.swift; sourceTree = "<group>"; };
		369E17DB295CE24A00400D6D /* CategoryTVCell.swift */ = {isa = PBXFileReference; lastKnownFileType = sourcecode.swift; path = CategoryTVCell.swift; sourceTree = "<group>"; };
		369E17DF295CF6BC00400D6D /* Base */ = {isa = PBXFileReference; lastKnownFileType = file.storyboard; name = Base; path = SpendIt301/Base.lproj/TransactionDetails.storyboard; sourceTree = "<group>"; };
		369E17E1295CF97600400D6D /* TransactionDetailsTVC.swift */ = {isa = PBXFileReference; lastKnownFileType = sourcecode.swift; path = TransactionDetailsTVC.swift; sourceTree = "<group>"; };
		36D485B4294B018700D0D297 /* AddTransaction.storyboard */ = {isa = PBXFileReference; fileEncoding = 4; lastKnownFileType = file.storyboard; path = AddTransaction.storyboard; sourceTree = "<group>"; };
		5F8E2E6063AFC481B910A38B /* Pods_SpendIt301.framework */ = {isa = PBXFileReference; explicitFileType = wrapper.framework; includeInIndex = 0; path = Pods_SpendIt301.framework; sourceTree = BUILT_PRODUCTS_DIR; };
		8662D7007597A717A661E864 /* Pods-SpendIt301.release.xcconfig */ = {isa = PBXFileReference; includeInIndex = 1; lastKnownFileType = text.xcconfig; name = "Pods-SpendIt301.release.xcconfig"; path = "Target Support Files/Pods-SpendIt301/Pods-SpendIt301.release.xcconfig"; sourceTree = "<group>"; };
		CD06402D295C386F0084A17B /* AddEditCategoryTableViewController.swift */ = {isa = PBXFileReference; lastKnownFileType = sourcecode.swift; path = AddEditCategoryTableViewController.swift; sourceTree = "<group>"; };
		CD8973F529543C740030075F /* Category.swift */ = {isa = PBXFileReference; lastKnownFileType = sourcecode.swift; path = Category.swift; sourceTree = "<group>"; };
		CD8973F729543CBC0030075F /* CategoryTableViewController.swift */ = {isa = PBXFileReference; lastKnownFileType = sourcecode.swift; path = CategoryTableViewController.swift; sourceTree = "<group>"; };
		CDE4A5FC2964C68400D7D7CE /* CodableImage.swift */ = {isa = PBXFileReference; fileEncoding = 4; lastKnownFileType = sourcecode.swift; path = CodableImage.swift; sourceTree = "<group>"; };
		CDE4A602296886AA00D7D7CE /* SpendIt301-Bridging-Header.h */ = {isa = PBXFileReference; lastKnownFileType = sourcecode.c.h; path = "SpendIt301-Bridging-Header.h"; sourceTree = "<group>"; };
		CDE4A603296886AB00D7D7CE /* CHCSVParser.h */ = {isa = PBXFileReference; fileEncoding = 4; lastKnownFileType = sourcecode.c.h; path = CHCSVParser.h; sourceTree = "<group>"; };
		CDE4A604296886AB00D7D7CE /* CHCSVParser.m */ = {isa = PBXFileReference; fileEncoding = 4; lastKnownFileType = sourcecode.c.objc; path = CHCSVParser.m; sourceTree = "<group>"; };
/* End PBXFileReference section */

/* Begin PBXFrameworksBuildPhase section */
		2130B029294AEBEB001EC43C /* Frameworks */ = {
			isa = PBXFrameworksBuildPhase;
			buildActionMask = 2147483647;
			files = (
				9BBD0A5AD149F4ACB9A8AA74 /* Pods_SpendIt301.framework in Frameworks */,
			);
			runOnlyForDeploymentPostprocessing = 0;
		};
/* End PBXFrameworksBuildPhase section */

/* Begin PBXGroup section */
		0BC4EBD92964955500F7365B /* Transaction List */ = {
			isa = PBXGroup;
			children = (
				2130B045294AF4EC001EC43C /* Transactions.storyboard */,
				0BF0975729536A56000CC354 /* Transaction.swift */,
				0B35909C29621B0A003C979F /* SortPriceTableViewCell.swift */,
				0BF27852295F96FE007A6FFF /* CollectionViewCell.swift */,
				0BF27850295F0DCA007A6FFF /* FilterCatTableViewCell.swift */,
				0BF0975529536A2C000CC354 /* TransactionTableViewController.swift */,
				0BF0975929543E56000CC354 /* TransactionTableViewCell.swift */,
				0BEE122A2955C594007E1DAD /* TrasactionFilterTableViewController.swift */,
			);
			path = "Transaction List";
			sourceTree = "<group>";
		};
		210651D0296328F60047CE7B /* Overview  */ = {
			isa = PBXGroup;
			children = (
				216874532958E1900031BC7B /* OverviewTableViewController.swift */,
				21236C5C295C0A160040B7AE /* BarChartTableViewCell.swift */,
				21236C5E295C0AC80040B7AE /* MostSpentTableViewCell.swift */,
				21236C64295C14730040B7AE /* MostTrackedCollectionViewCell.swift */,
				21236C60295C0AF00040B7AE /* MostTrackedTableViewCell.swift */,
				21236C62295C0DDD0040B7AE /* MostSpentCollectionViewCell.swift */,
				2130B043294AF4AB001EC43C /* Overview.storyboard */,
			);
			path = "Overview ";
			sourceTree = "<group>";
		};
		2130B023294AEBEB001EC43C = {
			isa = PBXGroup;
			children = (
				26D9860C296C464700C27AF1 /* FirstLaunch Files */,
				21687277296337D800F4FF0A /* Settings */,
				210651D0296328F60047CE7B /* Overview  */,
				0BA4536A295CF2F900320A57 /* CatogeryForTransactionTableViewCell.swift */,
				0BC4EBD92964955500F7365B /* Transaction List */,
				0BA4536C295CF32700320A57 /* CatogeryForTransactionCollectionViewCell.swift */,
				36A52D502964451C00E4EFE3 /* Transaction Details */,
				369E17DA295CE0E500400D6D /* Add Transaction */,
				2130B048294AF518001EC43C /* Categories.storyboard */,
				CDE4A5FC2964C68400D7D7CE /* CodableImage.swift */,
				2130B02E294AEBEB001EC43C /* SpendIt301 */,
				2130B02D294AEBEB001EC43C /* Products */,
				B3928D0FDB476E7DD91A5665 /* Pods */,
				49FCAB54FEFD176E97329A10 /* Frameworks */,
			);
			sourceTree = "<group>";
		};
		2130B02D294AEBEB001EC43C /* Products */ = {
			isa = PBXGroup;
			children = (
				2130B02C294AEBEB001EC43C /* SpendIt301.app */,
			);
			name = Products;
			sourceTree = "<group>";
		};
		2130B02E294AEBEB001EC43C /* SpendIt301 */ = {
			isa = PBXGroup;
			children = (
				2130B02F294AEBEB001EC43C /* AppDelegate.swift */,
				2130B031294AEBEB001EC43C /* SceneDelegate.swift */,
				2130B033294AEBEB001EC43C /* ViewController.swift */,
				2130B035294AEBEB001EC43C /* Main.storyboard */,
				21BEDF54295AF21B00DBB59C /* TabBarViewController.swift */,
				2130B038294AEBEF001EC43C /* Assets.xcassets */,
				2130B03A294AEBEF001EC43C /* LaunchScreen.storyboard */,
				2130B03D294AEBEF001EC43C /* Info.plist */,
				CD8973F529543C740030075F /* Category.swift */,
				CD8973F729543CBC0030075F /* CategoryTableViewController.swift */,
				CD06402D295C386F0084A17B /* AddEditCategoryTableViewController.swift */,
				CDE4A603296886AB00D7D7CE /* CHCSVParser.h */,
				CDE4A604296886AB00D7D7CE /* CHCSVParser.m */,
				CDE4A602296886AA00D7D7CE /* SpendIt301-Bridging-Header.h */,
			);
			path = SpendIt301;
			sourceTree = "<group>";
		};
		21687277296337D800F4FF0A /* Settings */ = {
			isa = PBXGroup;
			children = (
				2112D362295C35F80033A07C /* SettingsTableViewController.swift */,
				2130B04D294AF6DB001EC43C /* SettingsPage.storyboard */,
			);
			path = Settings;
			sourceTree = "<group>";
		};
		26D9860C296C464700C27AF1 /* FirstLaunch Files */ = {
			isa = PBXGroup;
			children = (
				2601B05529636E810045F9BC /* userSetupPVC.swift */,
				265A214D296B55660084EB27 /* UserWalkthroughViewController.swift */,
				268F58EB296330B0007F77B5 /* UserSetup.storyboard */,
				26D9860D296C469E00C27AF1 /* UserWalkthrough.storyboard */,
				26D9860F296C473300C27AF1 /* UserWalkthroughPVC.swift */,
			);
			path = "FirstLaunch Files";
			sourceTree = "<group>";
		};
		369E17DA295CE0E500400D6D /* Add Transaction */ = {
			isa = PBXGroup;
			children = (
				36025E6929533D8E0035C71F /* AddTransactionTVC.swift */,
				36D485B4294B018700D0D297 /* AddTransaction.storyboard */,
				3648E7CA295BD9B7005251A3 /* ChooseCategoryTVC.swift */,
				369E17DB295CE24A00400D6D /* CategoryTVCell.swift */,
			);
			path = "Add Transaction";
			sourceTree = "<group>";
		};
		36A52D502964451C00E4EFE3 /* Transaction Details */ = {
			isa = PBXGroup;
			children = (
				369E17E1295CF97600400D6D /* TransactionDetailsTVC.swift */,
				369E17DE295CF6BC00400D6D /* TransactionDetails.storyboard */,
			);
			path = "Transaction Details";
			sourceTree = "<group>";
		};
		49FCAB54FEFD176E97329A10 /* Frameworks */ = {
			isa = PBXGroup;
			children = (
				5F8E2E6063AFC481B910A38B /* Pods_SpendIt301.framework */,
			);
			name = Frameworks;
			sourceTree = "<group>";
		};
		B3928D0FDB476E7DD91A5665 /* Pods */ = {
			isa = PBXGroup;
			children = (
				357C3171B533C475835C844D /* Pods-SpendIt301.debug.xcconfig */,
				8662D7007597A717A661E864 /* Pods-SpendIt301.release.xcconfig */,
			);
			path = Pods;
			sourceTree = "<group>";
		};
/* End PBXGroup section */

/* Begin PBXNativeTarget section */
		2130B02B294AEBEB001EC43C /* SpendIt301 */ = {
			isa = PBXNativeTarget;
			buildConfigurationList = 2130B040294AEBEF001EC43C /* Build configuration list for PBXNativeTarget "SpendIt301" */;
			buildPhases = (
				324D231625B5967392D924FB /* [CP] Check Pods Manifest.lock */,
				2130B028294AEBEB001EC43C /* Sources */,
				2130B029294AEBEB001EC43C /* Frameworks */,
				2130B02A294AEBEB001EC43C /* Resources */,
				138707EDD04BB95B48BF8413 /* [CP] Embed Pods Frameworks */,
			);
			buildRules = (
			);
			dependencies = (
			);
			name = SpendIt301;
			productName = SpendIt301;
			productReference = 2130B02C294AEBEB001EC43C /* SpendIt301.app */;
			productType = "com.apple.product-type.application";
		};
/* End PBXNativeTarget section */

/* Begin PBXProject section */
		2130B024294AEBEB001EC43C /* Project object */ = {
			isa = PBXProject;
			attributes = {
				BuildIndependentTargetsInParallel = 1;
				LastSwiftUpdateCheck = 1340;
				LastUpgradeCheck = 1340;
				TargetAttributes = {
					2130B02B294AEBEB001EC43C = {
						CreatedOnToolsVersion = 13.4.1;
						LastSwiftMigration = 1340;
					};
				};
			};
			buildConfigurationList = 2130B027294AEBEB001EC43C /* Build configuration list for PBXProject "SpendIt301" */;
			compatibilityVersion = "Xcode 13.0";
			developmentRegion = en;
			hasScannedForEncodings = 0;
			knownRegions = (
				en,
				Base,
			);
			mainGroup = 2130B023294AEBEB001EC43C;
			productRefGroup = 2130B02D294AEBEB001EC43C /* Products */;
			projectDirPath = "";
			projectRoot = "";
			targets = (
				2130B02B294AEBEB001EC43C /* SpendIt301 */,
			);
		};
/* End PBXProject section */

/* Begin PBXResourcesBuildPhase section */
		2130B02A294AEBEB001EC43C /* Resources */ = {
			isa = PBXResourcesBuildPhase;
			buildActionMask = 2147483647;
			files = (
				2130B03C294AEBEF001EC43C /* LaunchScreen.storyboard in Resources */,
				2130B04F294AF6DB001EC43C /* SettingsPage.storyboard in Resources */,
				2130B044294AF4AB001EC43C /* Overview.storyboard in Resources */,
				26D9860E296C469E00C27AF1 /* UserWalkthrough.storyboard in Resources */,
				369E17E0295CF6BC00400D6D /* TransactionDetails.storyboard in Resources */,
				268F58EC296330B0007F77B5 /* UserSetup.storyboard in Resources */,
				2130B039294AEBEF001EC43C /* Assets.xcassets in Resources */,
				2130B037294AEBEB001EC43C /* Main.storyboard in Resources */,
				2130B04A294AF518001EC43C /* Categories.storyboard in Resources */,
				2130B047294AF4EC001EC43C /* Transactions.storyboard in Resources */,
				36D485B5294B018700D0D297 /* AddTransaction.storyboard in Resources */,
			);
			runOnlyForDeploymentPostprocessing = 0;
		};
/* End PBXResourcesBuildPhase section */

/* Begin PBXShellScriptBuildPhase section */
		138707EDD04BB95B48BF8413 /* [CP] Embed Pods Frameworks */ = {
			isa = PBXShellScriptBuildPhase;
			buildActionMask = 2147483647;
			files = (
			);
			inputFileListPaths = (
				"${PODS_ROOT}/Target Support Files/Pods-SpendIt301/Pods-SpendIt301-frameworks-${CONFIGURATION}-input-files.xcfilelist",
			);
			name = "[CP] Embed Pods Frameworks";
			outputFileListPaths = (
				"${PODS_ROOT}/Target Support Files/Pods-SpendIt301/Pods-SpendIt301-frameworks-${CONFIGURATION}-output-files.xcfilelist",
			);
			runOnlyForDeploymentPostprocessing = 0;
			shellPath = /bin/sh;
			shellScript = "\"${PODS_ROOT}/Target Support Files/Pods-SpendIt301/Pods-SpendIt301-frameworks.sh\"\n";
			showEnvVarsInLog = 0;
		};
		324D231625B5967392D924FB /* [CP] Check Pods Manifest.lock */ = {
			isa = PBXShellScriptBuildPhase;
			buildActionMask = 2147483647;
			files = (
			);
			inputFileListPaths = (
			);
			inputPaths = (
				"${PODS_PODFILE_DIR_PATH}/Podfile.lock",
				"${PODS_ROOT}/Manifest.lock",
			);
			name = "[CP] Check Pods Manifest.lock";
			outputFileListPaths = (
			);
			outputPaths = (
				"$(DERIVED_FILE_DIR)/Pods-SpendIt301-checkManifestLockResult.txt",
			);
			runOnlyForDeploymentPostprocessing = 0;
			shellPath = /bin/sh;
			shellScript = "diff \"${PODS_PODFILE_DIR_PATH}/Podfile.lock\" \"${PODS_ROOT}/Manifest.lock\" > /dev/null\nif [ $? != 0 ] ; then\n    # print error to STDERR\n    echo \"error: The sandbox is not in sync with the Podfile.lock. Run 'pod install' or update your CocoaPods installation.\" >&2\n    exit 1\nfi\n# This output is used by Xcode 'outputs' to avoid re-running this script phase.\necho \"SUCCESS\" > \"${SCRIPT_OUTPUT_FILE_0}\"\n";
			showEnvVarsInLog = 0;
		};
/* End PBXShellScriptBuildPhase section */

/* Begin PBXSourcesBuildPhase section */
		2130B028294AEBEB001EC43C /* Sources */ = {
			isa = PBXSourcesBuildPhase;
			buildActionMask = 2147483647;
			files = (
				21236C63295C0DDD0040B7AE /* MostSpentCollectionViewCell.swift in Sources */,
				0BF0975629536A2C000CC354 /* TransactionTableViewController.swift in Sources */,
				2130B034294AEBEB001EC43C /* ViewController.swift in Sources */,
				21236C5D295C0A160040B7AE /* BarChartTableViewCell.swift in Sources */,
				0BA4536B295CF2F900320A57 /* CatogeryForTransactionTableViewCell.swift in Sources */,
				265A214E296B55660084EB27 /* UserWalkthroughViewController.swift in Sources */,
				0BF27851295F0DCA007A6FFF /* FilterCatTableViewCell.swift in Sources */,
				21236C65295C14730040B7AE /* MostTrackedCollectionViewCell.swift in Sources */,
				369E17DC295CE24A00400D6D /* CategoryTVCell.swift in Sources */,
				CDE4A605296886AB00D7D7CE /* CHCSVParser.m in Sources */,
				2130B030294AEBEB001EC43C /* AppDelegate.swift in Sources */,
				0BEE122B2955C594007E1DAD /* TrasactionFilterTableViewController.swift in Sources */,
				0BF27853295F96FE007A6FFF /* CollectionViewCell.swift in Sources */,
				CD06402E295C386F0084A17B /* AddEditCategoryTableViewController.swift in Sources */,
				21236C5F295C0AC80040B7AE /* MostSpentTableViewCell.swift in Sources */,
				0B35909D29621B0A003C979F /* SortPriceTableViewCell.swift in Sources */,
				0BA4536D295CF32700320A57 /* CatogeryForTransactionCollectionViewCell.swift in Sources */,
				2130B032294AEBEB001EC43C /* SceneDelegate.swift in Sources */,
				0BF0975A29543E56000CC354 /* TransactionTableViewCell.swift in Sources */,
				216874542958E1900031BC7B /* OverviewTableViewController.swift in Sources */,
				0BF0975829536A56000CC354 /* Transaction.swift in Sources */,
				2601B05629636E820045F9BC /* userSetupPVC.swift in Sources */,
				36025E6A29533D8E0035C71F /* AddTransactionTVC.swift in Sources */,
				CD8973F829543CBC0030075F /* CategoryTableViewController.swift in Sources */,
				3648E7CB295BD9B7005251A3 /* ChooseCategoryTVC.swift in Sources */,
				369E17E2295CF97700400D6D /* TransactionDetailsTVC.swift in Sources */,
				CDE4A5FD2964C68400D7D7CE /* CodableImage.swift in Sources */,
				26D98610296C473400C27AF1 /* UserWalkthroughPVC.swift in Sources */,
				21BEDF55295AF21B00DBB59C /* TabBarViewController.swift in Sources */,
				21236C61295C0AF00040B7AE /* MostTrackedTableViewCell.swift in Sources */,
				2112D363295C35F80033A07C /* SettingsTableViewController.swift in Sources */,
				2130B032294AEBEB001EC43C /* SceneDelegate.swift in Sources */,
				CD8973F629543C740030075F /* Category.swift in Sources */,
			);
			runOnlyForDeploymentPostprocessing = 0;
		};
/* End PBXSourcesBuildPhase section */

/* Begin PBXVariantGroup section */
		2130B035294AEBEB001EC43C /* Main.storyboard */ = {
			isa = PBXVariantGroup;
			children = (
				2130B036294AEBEB001EC43C /* Base */,
			);
			name = Main.storyboard;
			sourceTree = "<group>";
		};
		2130B03A294AEBEF001EC43C /* LaunchScreen.storyboard */ = {
			isa = PBXVariantGroup;
			children = (
				2130B03B294AEBEF001EC43C /* Base */,
			);
			name = LaunchScreen.storyboard;
			sourceTree = "<group>";
		};
		2130B045294AF4EC001EC43C /* Transactions.storyboard */ = {
			isa = PBXVariantGroup;
			children = (
				2130B046294AF4EC001EC43C /* Base */,
			);
			name = Transactions.storyboard;
			sourceTree = "<group>";
		};
		2130B048294AF518001EC43C /* Categories.storyboard */ = {
			isa = PBXVariantGroup;
			children = (
				2130B049294AF518001EC43C /* Base */,
			);
			name = Categories.storyboard;
			sourceTree = "<group>";
		};
		2130B04D294AF6DB001EC43C /* SettingsPage.storyboard */ = {
			isa = PBXVariantGroup;
			children = (
				2130B04E294AF6DB001EC43C /* Base */,
			);
			name = SettingsPage.storyboard;
			sourceTree = "<group>";
		};
		369E17DE295CF6BC00400D6D /* TransactionDetails.storyboard */ = {
			isa = PBXVariantGroup;
			children = (
				369E17DF295CF6BC00400D6D /* Base */,
			);
			name = TransactionDetails.storyboard;
			sourceTree = "<group>";
		};
/* End PBXVariantGroup section */

/* Begin XCBuildConfiguration section */
		2130B03E294AEBEF001EC43C /* Debug */ = {
			isa = XCBuildConfiguration;
			buildSettings = {
				ALWAYS_SEARCH_USER_PATHS = NO;
				CLANG_ANALYZER_NONNULL = YES;
				CLANG_ANALYZER_NUMBER_OBJECT_CONVERSION = YES_AGGRESSIVE;
				CLANG_CXX_LANGUAGE_STANDARD = "gnu++17";
				CLANG_ENABLE_MODULES = YES;
				CLANG_ENABLE_OBJC_ARC = YES;
				CLANG_ENABLE_OBJC_WEAK = YES;
				CLANG_WARN_BLOCK_CAPTURE_AUTORELEASING = YES;
				CLANG_WARN_BOOL_CONVERSION = YES;
				CLANG_WARN_COMMA = YES;
				CLANG_WARN_CONSTANT_CONVERSION = YES;
				CLANG_WARN_DEPRECATED_OBJC_IMPLEMENTATIONS = YES;
				CLANG_WARN_DIRECT_OBJC_ISA_USAGE = YES_ERROR;
				CLANG_WARN_DOCUMENTATION_COMMENTS = YES;
				CLANG_WARN_EMPTY_BODY = YES;
				CLANG_WARN_ENUM_CONVERSION = YES;
				CLANG_WARN_INFINITE_RECURSION = YES;
				CLANG_WARN_INT_CONVERSION = YES;
				CLANG_WARN_NON_LITERAL_NULL_CONVERSION = YES;
				CLANG_WARN_OBJC_IMPLICIT_RETAIN_SELF = YES;
				CLANG_WARN_OBJC_LITERAL_CONVERSION = YES;
				CLANG_WARN_OBJC_ROOT_CLASS = YES_ERROR;
				CLANG_WARN_QUOTED_INCLUDE_IN_FRAMEWORK_HEADER = YES;
				CLANG_WARN_RANGE_LOOP_ANALYSIS = YES;
				CLANG_WARN_STRICT_PROTOTYPES = YES;
				CLANG_WARN_SUSPICIOUS_MOVE = YES;
				CLANG_WARN_UNGUARDED_AVAILABILITY = YES_AGGRESSIVE;
				CLANG_WARN_UNREACHABLE_CODE = YES;
				CLANG_WARN__DUPLICATE_METHOD_MATCH = YES;
				COPY_PHASE_STRIP = NO;
				DEBUG_INFORMATION_FORMAT = dwarf;
				ENABLE_STRICT_OBJC_MSGSEND = YES;
				ENABLE_TESTABILITY = YES;
				GCC_C_LANGUAGE_STANDARD = gnu11;
				GCC_DYNAMIC_NO_PIC = NO;
				GCC_NO_COMMON_BLOCKS = YES;
				GCC_OPTIMIZATION_LEVEL = 0;
				GCC_PREPROCESSOR_DEFINITIONS = (
					"DEBUG=1",
					"$(inherited)",
				);
				GCC_WARN_64_TO_32_BIT_CONVERSION = YES;
				GCC_WARN_ABOUT_RETURN_TYPE = YES_ERROR;
				GCC_WARN_UNDECLARED_SELECTOR = YES;
				GCC_WARN_UNINITIALIZED_AUTOS = YES_AGGRESSIVE;
				GCC_WARN_UNUSED_FUNCTION = YES;
				GCC_WARN_UNUSED_VARIABLE = YES;
				IPHONEOS_DEPLOYMENT_TARGET = 15.5;
				MTL_ENABLE_DEBUG_INFO = INCLUDE_SOURCE;
				MTL_FAST_MATH = YES;
				ONLY_ACTIVE_ARCH = YES;
				SDKROOT = iphoneos;
				SWIFT_ACTIVE_COMPILATION_CONDITIONS = DEBUG;
				SWIFT_OPTIMIZATION_LEVEL = "-Onone";
			};
			name = Debug;
		};
		2130B03F294AEBEF001EC43C /* Release */ = {
			isa = XCBuildConfiguration;
			buildSettings = {
				ALWAYS_SEARCH_USER_PATHS = NO;
				CLANG_ANALYZER_NONNULL = YES;
				CLANG_ANALYZER_NUMBER_OBJECT_CONVERSION = YES_AGGRESSIVE;
				CLANG_CXX_LANGUAGE_STANDARD = "gnu++17";
				CLANG_ENABLE_MODULES = YES;
				CLANG_ENABLE_OBJC_ARC = YES;
				CLANG_ENABLE_OBJC_WEAK = YES;
				CLANG_WARN_BLOCK_CAPTURE_AUTORELEASING = YES;
				CLANG_WARN_BOOL_CONVERSION = YES;
				CLANG_WARN_COMMA = YES;
				CLANG_WARN_CONSTANT_CONVERSION = YES;
				CLANG_WARN_DEPRECATED_OBJC_IMPLEMENTATIONS = YES;
				CLANG_WARN_DIRECT_OBJC_ISA_USAGE = YES_ERROR;
				CLANG_WARN_DOCUMENTATION_COMMENTS = YES;
				CLANG_WARN_EMPTY_BODY = YES;
				CLANG_WARN_ENUM_CONVERSION = YES;
				CLANG_WARN_INFINITE_RECURSION = YES;
				CLANG_WARN_INT_CONVERSION = YES;
				CLANG_WARN_NON_LITERAL_NULL_CONVERSION = YES;
				CLANG_WARN_OBJC_IMPLICIT_RETAIN_SELF = YES;
				CLANG_WARN_OBJC_LITERAL_CONVERSION = YES;
				CLANG_WARN_OBJC_ROOT_CLASS = YES_ERROR;
				CLANG_WARN_QUOTED_INCLUDE_IN_FRAMEWORK_HEADER = YES;
				CLANG_WARN_RANGE_LOOP_ANALYSIS = YES;
				CLANG_WARN_STRICT_PROTOTYPES = YES;
				CLANG_WARN_SUSPICIOUS_MOVE = YES;
				CLANG_WARN_UNGUARDED_AVAILABILITY = YES_AGGRESSIVE;
				CLANG_WARN_UNREACHABLE_CODE = YES;
				CLANG_WARN__DUPLICATE_METHOD_MATCH = YES;
				COPY_PHASE_STRIP = NO;
				DEBUG_INFORMATION_FORMAT = "dwarf-with-dsym";
				ENABLE_NS_ASSERTIONS = NO;
				ENABLE_STRICT_OBJC_MSGSEND = YES;
				GCC_C_LANGUAGE_STANDARD = gnu11;
				GCC_NO_COMMON_BLOCKS = YES;
				GCC_WARN_64_TO_32_BIT_CONVERSION = YES;
				GCC_WARN_ABOUT_RETURN_TYPE = YES_ERROR;
				GCC_WARN_UNDECLARED_SELECTOR = YES;
				GCC_WARN_UNINITIALIZED_AUTOS = YES_AGGRESSIVE;
				GCC_WARN_UNUSED_FUNCTION = YES;
				GCC_WARN_UNUSED_VARIABLE = YES;
				IPHONEOS_DEPLOYMENT_TARGET = 15.5;
				MTL_ENABLE_DEBUG_INFO = NO;
				MTL_FAST_MATH = YES;
				SDKROOT = iphoneos;
				SWIFT_COMPILATION_MODE = wholemodule;
				SWIFT_OPTIMIZATION_LEVEL = "-O";
				VALIDATE_PRODUCT = YES;
			};
			name = Release;
		};
		2130B041294AEBEF001EC43C /* Debug */ = {
			isa = XCBuildConfiguration;
			baseConfigurationReference = 357C3171B533C475835C844D /* Pods-SpendIt301.debug.xcconfig */;
			buildSettings = {
				ASSETCATALOG_COMPILER_GLOBAL_ACCENT_COLOR_NAME = AccentColor;
				CLANG_ENABLE_MODULES = YES;
				CODE_SIGN_STYLE = Automatic;
				CURRENT_PROJECT_VERSION = 1;
				DEVELOPMENT_TEAM = HG84WPP7B7;
				GENERATE_INFOPLIST_FILE = YES;
				INFOPLIST_FILE = SpendIt301/Info.plist;
				INFOPLIST_KEY_LSSupportsOpeningDocumentsInPlace = YES;
				INFOPLIST_KEY_NSCameraUsageDescription = "To share photos rom the camera.";
				INFOPLIST_KEY_UIApplicationSupportsIndirectInputEvents = YES;
				INFOPLIST_KEY_UILaunchStoryboardName = LaunchScreen.storyboard;
				INFOPLIST_KEY_UIMainStoryboardFile = UserSetup;
				INFOPLIST_KEY_UISupportedInterfaceOrientations_iPad = "UIInterfaceOrientationPortrait UIInterfaceOrientationPortraitUpsideDown UIInterfaceOrientationLandscapeLeft UIInterfaceOrientationLandscapeRight";
				INFOPLIST_KEY_UISupportedInterfaceOrientations_iPhone = "UIInterfaceOrientationPortrait UIInterfaceOrientationLandscapeLeft UIInterfaceOrientationLandscapeRight";
				IPHONEOS_DEPLOYMENT_TARGET = 15.5;
				LD_RUNPATH_SEARCH_PATHS = (
					"$(inherited)",
					"@executable_path/Frameworks",
				);
				MARKETING_VERSION = 1.0;
				PRODUCT_BUNDLE_IDENTIFIER = bh.polytechnic.SpendIt301;
				PRODUCT_NAME = "$(TARGET_NAME)";
				SWIFT_EMIT_LOC_STRINGS = YES;
				SWIFT_OBJC_BRIDGING_HEADER = "SpendIt301/SpendIt301-Bridging-Header.h";
				SWIFT_OPTIMIZATION_LEVEL = "-Onone";
				SWIFT_VERSION = 5.0;
				TARGETED_DEVICE_FAMILY = "1,2";
			};
			name = Debug;
		};
		2130B042294AEBEF001EC43C /* Release */ = {
			isa = XCBuildConfiguration;
			baseConfigurationReference = 8662D7007597A717A661E864 /* Pods-SpendIt301.release.xcconfig */;
			buildSettings = {
				ASSETCATALOG_COMPILER_GLOBAL_ACCENT_COLOR_NAME = AccentColor;
				CLANG_ENABLE_MODULES = YES;
				CODE_SIGN_STYLE = Automatic;
				CURRENT_PROJECT_VERSION = 1;
				DEVELOPMENT_TEAM = HG84WPP7B7;
				GENERATE_INFOPLIST_FILE = YES;
				INFOPLIST_FILE = SpendIt301/Info.plist;
				INFOPLIST_KEY_LSSupportsOpeningDocumentsInPlace = YES;
				INFOPLIST_KEY_NSCameraUsageDescription = "To share photos rom the camera.";
				INFOPLIST_KEY_UIApplicationSupportsIndirectInputEvents = YES;
				INFOPLIST_KEY_UILaunchStoryboardName = LaunchScreen.storyboard;
				INFOPLIST_KEY_UIMainStoryboardFile = UserSetup;
				INFOPLIST_KEY_UISupportedInterfaceOrientations_iPad = "UIInterfaceOrientationPortrait UIInterfaceOrientationPortraitUpsideDown UIInterfaceOrientationLandscapeLeft UIInterfaceOrientationLandscapeRight";
				INFOPLIST_KEY_UISupportedInterfaceOrientations_iPhone = "UIInterfaceOrientationPortrait UIInterfaceOrientationLandscapeLeft UIInterfaceOrientationLandscapeRight";
				IPHONEOS_DEPLOYMENT_TARGET = 15.5;
				LD_RUNPATH_SEARCH_PATHS = (
					"$(inherited)",
					"@executable_path/Frameworks",
				);
				MARKETING_VERSION = 1.0;
				PRODUCT_BUNDLE_IDENTIFIER = bh.polytechnic.SpendIt301;
				PRODUCT_NAME = "$(TARGET_NAME)";
				SWIFT_EMIT_LOC_STRINGS = YES;
				SWIFT_OBJC_BRIDGING_HEADER = "SpendIt301/SpendIt301-Bridging-Header.h";
				SWIFT_VERSION = 5.0;
				TARGETED_DEVICE_FAMILY = "1,2";
			};
			name = Release;
		};
/* End XCBuildConfiguration section */

/* Begin XCConfigurationList section */
		2130B027294AEBEB001EC43C /* Build configuration list for PBXProject "SpendIt301" */ = {
			isa = XCConfigurationList;
			buildConfigurations = (
				2130B03E294AEBEF001EC43C /* Debug */,
				2130B03F294AEBEF001EC43C /* Release */,
			);
			defaultConfigurationIsVisible = 0;
			defaultConfigurationName = Release;
		};
		2130B040294AEBEF001EC43C /* Build configuration list for PBXNativeTarget "SpendIt301" */ = {
			isa = XCConfigurationList;
			buildConfigurations = (
				2130B041294AEBEF001EC43C /* Debug */,
				2130B042294AEBEF001EC43C /* Release */,
			);
			defaultConfigurationIsVisible = 0;
			defaultConfigurationName = Release;
		};
/* End XCConfigurationList section */
	};
	rootObject = 2130B024294AEBEB001EC43C /* Project object */;
}
